// !$*UTF8*$!
{
	archiveVersion = 1;
	classes = {
	};
	objectVersion = 46;
	objects = {

/* Begin PBXBuildFile section */
		1A9C19DD1E08F49700D4525D /* HiliteHttp.framework in Frameworks */ = {isa = PBXBuildFile; fileRef = 1A9C19D31E08F49700D4525D /* HiliteHttp.framework */; };
		1A9C19E21E08F49700D4525D /* HiliteHttpTests.swift in Sources */ = {isa = PBXBuildFile; fileRef = 1A9C19E11E08F49700D4525D /* HiliteHttpTests.swift */; };
		1A9C19E41E08F49700D4525D /* HiliteHttp.h in Headers */ = {isa = PBXBuildFile; fileRef = 1A9C19D61E08F49700D4525D /* HiliteHttp.h */; settings = {ATTRIBUTES = (Public, ); }; };
		1A9C19EE1E08F4DE00D4525D /* HttpClient.swift in Sources */ = {isa = PBXBuildFile; fileRef = 1A9C19ED1E08F4DE00D4525D /* HttpClient.swift */; };
		1A9C19F11E090B3B00D4525D /* StandardHttpClient.swift in Sources */ = {isa = PBXBuildFile; fileRef = 1A9C19F01E090B3B00D4525D /* StandardHttpClient.swift */; };
		1A9C19F31E09172C00D4525D /* ReauthenticatingHttpClient.swift in Sources */ = {isa = PBXBuildFile; fileRef = 1A9C19F21E09172C00D4525D /* ReauthenticatingHttpClient.swift */; };
		1A9C1A2B1E09218300D4525D /* HttpAuthenticationService.swift in Sources */ = {isa = PBXBuildFile; fileRef = 1A9C1A2A1E09218300D4525D /* HttpAuthenticationService.swift */; };
		1A9C1A2D1E0921D700D4525D /* AuthenticationService.swift in Sources */ = {isa = PBXBuildFile; fileRef = 1A9C1A2C1E0921D700D4525D /* AuthenticationService.swift */; };
		1AFD22A01E1F1D8A0040B659 /* UploadService.swift in Sources */ = {isa = PBXBuildFile; fileRef = 1AFD229F1E1F1D8A0040B659 /* UploadService.swift */; };
		1AFD22A21E1F1DAF0040B659 /* FileUploadService.swift in Sources */ = {isa = PBXBuildFile; fileRef = 1AFD22A11E1F1DAF0040B659 /* FileUploadService.swift */; };
		1AFD22A41E1F1DD80040B659 /* HttpUploadService.swift in Sources */ = {isa = PBXBuildFile; fileRef = 1AFD22A31E1F1DD80040B659 /* HttpUploadService.swift */; };
		1AFD22A61E1F1DFA0040B659 /* S3FileUploadService.swift in Sources */ = {isa = PBXBuildFile; fileRef = 1AFD22A51E1F1DFA0040B659 /* S3FileUploadService.swift */; };
		1AFD22A81E1F20A10040B659 /* UploadAgent.swift in Sources */ = {isa = PBXBuildFile; fileRef = 1AFD22A71E1F20A10040B659 /* UploadAgent.swift */; };
		1AFD22B81E1F26530040B659 /* PendingUploadsService.swift in Sources */ = {isa = PBXBuildFile; fileRef = 1AFD22B71E1F26530040B659 /* PendingUploadsService.swift */; };
		1AFD22BA1E1F26D10040B659 /* AyoAWSService.swift in Sources */ = {isa = PBXBuildFile; fileRef = 1AFD22B91E1F26D10040B659 /* AyoAWSService.swift */; };
		1AFD22C81E1F389A0040B659 /* StandardPendingUploadsService.swift in Sources */ = {isa = PBXBuildFile; fileRef = 1AFD22C71E1F389A0040B659 /* StandardPendingUploadsService.swift */; };
		1AFD23AC1E26D0B80040B659 /* TaskService.swift in Sources */ = {isa = PBXBuildFile; fileRef = 1AFD23AB1E26D0B80040B659 /* TaskService.swift */; };
		1AFD23AE1E26D1440040B659 /* TaskFeedAgent.swift in Sources */ = {isa = PBXBuildFile; fileRef = 1AFD23AD1E26D1440040B659 /* TaskFeedAgent.swift */; };
		1AFD23B01E26D1630040B659 /* FiltersByFeedAgent.swift in Sources */ = {isa = PBXBuildFile; fileRef = 1AFD23AF1E26D1630040B659 /* FiltersByFeedAgent.swift */; };
		1AFD23B21E26D2310040B659 /* FeedAgent.swift in Sources */ = {isa = PBXBuildFile; fileRef = 1AFD23B11E26D2310040B659 /* FeedAgent.swift */; };
		1AFD23B41E26D3EE0040B659 /* FeedAgentDelegate.swift in Sources */ = {isa = PBXBuildFile; fileRef = 1AFD23B31E26D3EE0040B659 /* FeedAgentDelegate.swift */; };
		1AFD23B61E26D4080040B659 /* FeedItemAgent.swift in Sources */ = {isa = PBXBuildFile; fileRef = 1AFD23B51E26D4080040B659 /* FeedItemAgent.swift */; };
		1AFD23B81E26D4E90040B659 /* TaskAgentDelegate.swift in Sources */ = {isa = PBXBuildFile; fileRef = 1AFD23B71E26D4E90040B659 /* TaskAgentDelegate.swift */; };
		1AFD23BA1E26D5220040B659 /* TasksAgentDelegate.swift in Sources */ = {isa = PBXBuildFile; fileRef = 1AFD23B91E26D5220040B659 /* TasksAgentDelegate.swift */; };
		1AFD23BC1E26D5770040B659 /* TaskBackedFeedItemAgent.swift in Sources */ = {isa = PBXBuildFile; fileRef = 1AFD23BB1E26D5770040B659 /* TaskBackedFeedItemAgent.swift */; };
/* End PBXBuildFile section */

/* Begin PBXContainerItemProxy section */
		1A9C19DE1E08F49700D4525D /* PBXContainerItemProxy */ = {
			isa = PBXContainerItemProxy;
			containerPortal = 1A9C19CA1E08F49700D4525D /* Project object */;
			proxyType = 1;
			remoteGlobalIDString = 1A9C19D21E08F49700D4525D;
			remoteInfo = HiliteHttp;
		};
/* End PBXContainerItemProxy section */

/* Begin PBXFileReference section */
		1A9C19D31E08F49700D4525D /* HiliteHttp.framework */ = {isa = PBXFileReference; explicitFileType = wrapper.framework; includeInIndex = 0; path = HiliteHttp.framework; sourceTree = BUILT_PRODUCTS_DIR; };
		1A9C19D61E08F49700D4525D /* HiliteHttp.h */ = {isa = PBXFileReference; lastKnownFileType = sourcecode.c.h; path = HiliteHttp.h; sourceTree = "<group>"; };
		1A9C19D71E08F49700D4525D /* Info.plist */ = {isa = PBXFileReference; lastKnownFileType = text.plist.xml; path = Info.plist; sourceTree = "<group>"; };
		1A9C19DC1E08F49700D4525D /* HiliteHttpTests.xctest */ = {isa = PBXFileReference; explicitFileType = wrapper.cfbundle; includeInIndex = 0; path = HiliteHttpTests.xctest; sourceTree = BUILT_PRODUCTS_DIR; };
		1A9C19E11E08F49700D4525D /* HiliteHttpTests.swift */ = {isa = PBXFileReference; lastKnownFileType = sourcecode.swift; path = HiliteHttpTests.swift; sourceTree = "<group>"; };
		1A9C19E31E08F49700D4525D /* Info.plist */ = {isa = PBXFileReference; lastKnownFileType = text.plist.xml; path = Info.plist; sourceTree = "<group>"; };
		1A9C19ED1E08F4DE00D4525D /* HttpClient.swift */ = {isa = PBXFileReference; fileEncoding = 4; lastKnownFileType = sourcecode.swift; path = HttpClient.swift; sourceTree = "<group>"; };
		1A9C19F01E090B3B00D4525D /* StandardHttpClient.swift */ = {isa = PBXFileReference; fileEncoding = 4; lastKnownFileType = sourcecode.swift; path = StandardHttpClient.swift; sourceTree = "<group>"; };
		1A9C19F21E09172C00D4525D /* ReauthenticatingHttpClient.swift */ = {isa = PBXFileReference; fileEncoding = 4; lastKnownFileType = sourcecode.swift; path = ReauthenticatingHttpClient.swift; sourceTree = "<group>"; };
		1A9C1A2A1E09218300D4525D /* HttpAuthenticationService.swift */ = {isa = PBXFileReference; fileEncoding = 4; lastKnownFileType = sourcecode.swift; path = HttpAuthenticationService.swift; sourceTree = "<group>"; };
		1A9C1A2C1E0921D700D4525D /* AuthenticationService.swift */ = {isa = PBXFileReference; fileEncoding = 4; lastKnownFileType = sourcecode.swift; path = AuthenticationService.swift; sourceTree = "<group>"; };
		1AFD229F1E1F1D8A0040B659 /* UploadService.swift */ = {isa = PBXFileReference; fileEncoding = 4; lastKnownFileType = sourcecode.swift; path = UploadService.swift; sourceTree = "<group>"; };
		1AFD22A11E1F1DAF0040B659 /* FileUploadService.swift */ = {isa = PBXFileReference; fileEncoding = 4; lastKnownFileType = sourcecode.swift; path = FileUploadService.swift; sourceTree = "<group>"; };
		1AFD22A31E1F1DD80040B659 /* HttpUploadService.swift */ = {isa = PBXFileReference; fileEncoding = 4; lastKnownFileType = sourcecode.swift; path = HttpUploadService.swift; sourceTree = "<group>"; };
		1AFD22A51E1F1DFA0040B659 /* S3FileUploadService.swift */ = {isa = PBXFileReference; fileEncoding = 4; lastKnownFileType = sourcecode.swift; path = S3FileUploadService.swift; sourceTree = "<group>"; };
		1AFD22A71E1F20A10040B659 /* UploadAgent.swift */ = {isa = PBXFileReference; fileEncoding = 4; lastKnownFileType = sourcecode.swift; path = UploadAgent.swift; sourceTree = "<group>"; };
		1AFD22B71E1F26530040B659 /* PendingUploadsService.swift */ = {isa = PBXFileReference; fileEncoding = 4; lastKnownFileType = sourcecode.swift; path = PendingUploadsService.swift; sourceTree = "<group>"; };
		1AFD22B91E1F26D10040B659 /* AyoAWSService.swift */ = {isa = PBXFileReference; fileEncoding = 4; lastKnownFileType = sourcecode.swift; path = AyoAWSService.swift; sourceTree = "<group>"; };
		1AFD22C71E1F389A0040B659 /* StandardPendingUploadsService.swift */ = {isa = PBXFileReference; fileEncoding = 4; lastKnownFileType = sourcecode.swift; path = StandardPendingUploadsService.swift; sourceTree = "<group>"; };
		1AFD23AB1E26D0B80040B659 /* TaskService.swift */ = {isa = PBXFileReference; fileEncoding = 4; lastKnownFileType = sourcecode.swift; path = TaskService.swift; sourceTree = "<group>"; };
		1AFD23AD1E26D1440040B659 /* TaskFeedAgent.swift */ = {isa = PBXFileReference; fileEncoding = 4; lastKnownFileType = sourcecode.swift; path = TaskFeedAgent.swift; sourceTree = "<group>"; };
		1AFD23AF1E26D1630040B659 /* FiltersByFeedAgent.swift */ = {isa = PBXFileReference; fileEncoding = 4; lastKnownFileType = sourcecode.swift; path = FiltersByFeedAgent.swift; sourceTree = "<group>"; };
		1AFD23B11E26D2310040B659 /* FeedAgent.swift */ = {isa = PBXFileReference; fileEncoding = 4; lastKnownFileType = sourcecode.swift; path = FeedAgent.swift; sourceTree = "<group>"; };
		1AFD23B31E26D3EE0040B659 /* FeedAgentDelegate.swift */ = {isa = PBXFileReference; fileEncoding = 4; lastKnownFileType = sourcecode.swift; path = FeedAgentDelegate.swift; sourceTree = "<group>"; };
		1AFD23B51E26D4080040B659 /* FeedItemAgent.swift */ = {isa = PBXFileReference; fileEncoding = 4; lastKnownFileType = sourcecode.swift; path = FeedItemAgent.swift; sourceTree = "<group>"; };
		1AFD23B71E26D4E90040B659 /* TaskAgentDelegate.swift */ = {isa = PBXFileReference; fileEncoding = 4; lastKnownFileType = sourcecode.swift; path = TaskAgentDelegate.swift; sourceTree = "<group>"; };
		1AFD23B91E26D5220040B659 /* TasksAgentDelegate.swift */ = {isa = PBXFileReference; fileEncoding = 4; lastKnownFileType = sourcecode.swift; path = TasksAgentDelegate.swift; sourceTree = "<group>"; };
		1AFD23BB1E26D5770040B659 /* TaskBackedFeedItemAgent.swift */ = {isa = PBXFileReference; fileEncoding = 4; lastKnownFileType = sourcecode.swift; path = TaskBackedFeedItemAgent.swift; sourceTree = "<group>"; };
/* End PBXFileReference section */

/* Begin PBXFrameworksBuildPhase section */
		1A9C19CF1E08F49700D4525D /* Frameworks */ = {
			isa = PBXFrameworksBuildPhase;
			buildActionMask = 2147483647;
			files = (
			);
			runOnlyForDeploymentPostprocessing = 0;
		};
		1A9C19D91E08F49700D4525D /* Frameworks */ = {
			isa = PBXFrameworksBuildPhase;
			buildActionMask = 2147483647;
			files = (
				1A9C19DD1E08F49700D4525D /* HiliteHttp.framework in Frameworks */,
			);
			runOnlyForDeploymentPostprocessing = 0;
		};
/* End PBXFrameworksBuildPhase section */

/* Begin PBXGroup section */
		1A9C19C91E08F49700D4525D = {
			isa = PBXGroup;
			children = (
				1A9C19D51E08F49700D4525D /* HiliteHttp */,
				1A9C19E01E08F49700D4525D /* HiliteHttpTests */,
				1A9C19D41E08F49700D4525D /* Products */,
			);
			sourceTree = "<group>";
		};
		1A9C19D41E08F49700D4525D /* Products */ = {
			isa = PBXGroup;
			children = (
				1A9C19D31E08F49700D4525D /* HiliteHttp.framework */,
				1A9C19DC1E08F49700D4525D /* HiliteHttpTests.xctest */,
			);
			name = Products;
			sourceTree = "<group>";
		};
		1A9C19D51E08F49700D4525D /* HiliteHttp */ = {
			isa = PBXGroup;
			children = (
				1AFD23BB1E26D5770040B659 /* TaskBackedFeedItemAgent.swift */,
				1AFD23B91E26D5220040B659 /* TasksAgentDelegate.swift */,
				1AFD23B71E26D4E90040B659 /* TaskAgentDelegate.swift */,
				1AFD23B31E26D3EE0040B659 /* FeedAgentDelegate.swift */,
				1AFD23B51E26D4080040B659 /* FeedItemAgent.swift */,
				1AFD23B11E26D2310040B659 /* FeedAgent.swift */,
				1AFD23AF1E26D1630040B659 /* FiltersByFeedAgent.swift */,
				1AFD23AD1E26D1440040B659 /* TaskFeedAgent.swift */,
				1AFD23AB1E26D0B80040B659 /* TaskService.swift */,
				1AFD22C71E1F389A0040B659 /* StandardPendingUploadsService.swift */,
				1AFD22B91E1F26D10040B659 /* AyoAWSService.swift */,
				1AFD22B71E1F26530040B659 /* PendingUploadsService.swift */,
				1AFD22A71E1F20A10040B659 /* UploadAgent.swift */,
				1AFD22A51E1F1DFA0040B659 /* S3FileUploadService.swift */,
				1AFD22A31E1F1DD80040B659 /* HttpUploadService.swift */,
				1AFD22A11E1F1DAF0040B659 /* FileUploadService.swift */,
				1AFD229F1E1F1D8A0040B659 /* UploadService.swift */,
				1A9C1A2C1E0921D700D4525D /* AuthenticationService.swift */,
				1A9C1A2A1E09218300D4525D /* HttpAuthenticationService.swift */,
				1A9C19D61E08F49700D4525D /* HiliteHttp.h */,
				1A9C19ED1E08F4DE00D4525D /* HttpClient.swift */,
				1A9C19D71E08F49700D4525D /* Info.plist */,
				1A9C19F21E09172C00D4525D /* ReauthenticatingHttpClient.swift */,
				1A9C19F01E090B3B00D4525D /* StandardHttpClient.swift */,
			);
			path = HiliteHttp;
			sourceTree = "<group>";
		};
		1A9C19E01E08F49700D4525D /* HiliteHttpTests */ = {
			isa = PBXGroup;
			children = (
				1A9C19E11E08F49700D4525D /* HiliteHttpTests.swift */,
				1A9C19E31E08F49700D4525D /* Info.plist */,
			);
			path = HiliteHttpTests;
			sourceTree = "<group>";
		};
/* End PBXGroup section */

/* Begin PBXHeadersBuildPhase section */
		1A9C19D01E08F49700D4525D /* Headers */ = {
			isa = PBXHeadersBuildPhase;
			buildActionMask = 2147483647;
			files = (
				1A9C19E41E08F49700D4525D /* HiliteHttp.h in Headers */,
			);
			runOnlyForDeploymentPostprocessing = 0;
		};
/* End PBXHeadersBuildPhase section */

/* Begin PBXNativeTarget section */
		1A9C19D21E08F49700D4525D /* HiliteHttp */ = {
			isa = PBXNativeTarget;
			buildConfigurationList = 1A9C19E71E08F49700D4525D /* Build configuration list for PBXNativeTarget "HiliteHttp" */;
			buildPhases = (
				1A9C19CE1E08F49700D4525D /* Sources */,
				1A9C19CF1E08F49700D4525D /* Frameworks */,
				1A9C19D01E08F49700D4525D /* Headers */,
				1A9C19D11E08F49700D4525D /* Resources */,
			);
			buildRules = (
			);
			dependencies = (
			);
			name = HiliteHttp;
			productName = HiliteHttp;
			productReference = 1A9C19D31E08F49700D4525D /* HiliteHttp.framework */;
			productType = "com.apple.product-type.framework";
		};
		1A9C19DB1E08F49700D4525D /* HiliteHttpTests */ = {
			isa = PBXNativeTarget;
			buildConfigurationList = 1A9C19EA1E08F49700D4525D /* Build configuration list for PBXNativeTarget "HiliteHttpTests" */;
			buildPhases = (
				1A9C19D81E08F49700D4525D /* Sources */,
				1A9C19D91E08F49700D4525D /* Frameworks */,
				1A9C19DA1E08F49700D4525D /* Resources */,
			);
			buildRules = (
			);
			dependencies = (
				1A9C19DF1E08F49700D4525D /* PBXTargetDependency */,
			);
			name = HiliteHttpTests;
			productName = HiliteHttpTests;
			productReference = 1A9C19DC1E08F49700D4525D /* HiliteHttpTests.xctest */;
			productType = "com.apple.product-type.bundle.unit-test";
		};
/* End PBXNativeTarget section */

/* Begin PBXProject section */
		1A9C19CA1E08F49700D4525D /* Project object */ = {
			isa = PBXProject;
			attributes = {
				LastSwiftUpdateCheck = 0810;
				LastUpgradeCheck = 0810;
				ORGANIZATIONNAME = betacamp;
				TargetAttributes = {
					1A9C19D21E08F49700D4525D = {
						CreatedOnToolsVersion = 8.1;
						DevelopmentTeam = 2YGXD93C2Y;
						LastSwiftMigration = 0810;
						ProvisioningStyle = Automatic;
					};
					1A9C19DB1E08F49700D4525D = {
						CreatedOnToolsVersion = 8.1;
						DevelopmentTeam = 2YGXD93C2Y;
						LastSwiftMigration = 0810;
						ProvisioningStyle = Automatic;
					};
				};
			};
			buildConfigurationList = 1A9C19CD1E08F49700D4525D /* Build configuration list for PBXProject "HiliteHttp" */;
			compatibilityVersion = "Xcode 3.2";
			developmentRegion = English;
			hasScannedForEncodings = 0;
			knownRegions = (
				en,
			);
			mainGroup = 1A9C19C91E08F49700D4525D;
			productRefGroup = 1A9C19D41E08F49700D4525D /* Products */;
			projectDirPath = "";
			projectRoot = "";
			targets = (
				1A9C19D21E08F49700D4525D /* HiliteHttp */,
				1A9C19DB1E08F49700D4525D /* HiliteHttpTests */,
			);
		};
/* End PBXProject section */

/* Begin PBXResourcesBuildPhase section */
		1A9C19D11E08F49700D4525D /* Resources */ = {
			isa = PBXResourcesBuildPhase;
			buildActionMask = 2147483647;
			files = (
			);
			runOnlyForDeploymentPostprocessing = 0;
		};
		1A9C19DA1E08F49700D4525D /* Resources */ = {
			isa = PBXResourcesBuildPhase;
			buildActionMask = 2147483647;
			files = (
			);
			runOnlyForDeploymentPostprocessing = 0;
		};
/* End PBXResourcesBuildPhase section */

/* Begin PBXSourcesBuildPhase section */
		1A9C19CE1E08F49700D4525D /* Sources */ = {
			isa = PBXSourcesBuildPhase;
			buildActionMask = 2147483647;
			files = (
				1AFD22A41E1F1DD80040B659 /* HttpUploadService.swift in Sources */,
				1AFD22A21E1F1DAF0040B659 /* FileUploadService.swift in Sources */,
				1AFD23B41E26D3EE0040B659 /* FeedAgentDelegate.swift in Sources */,
				1AFD22A81E1F20A10040B659 /* UploadAgent.swift in Sources */,
				1AFD22B81E1F26530040B659 /* PendingUploadsService.swift in Sources */,
				1A9C19F31E09172C00D4525D /* ReauthenticatingHttpClient.swift in Sources */,
				1A9C19EE1E08F4DE00D4525D /* HttpClient.swift in Sources */,
				1AFD22A61E1F1DFA0040B659 /* S3FileUploadService.swift in Sources */,
				1AFD23B61E26D4080040B659 /* FeedItemAgent.swift in Sources */,
				1AFD22A01E1F1D8A0040B659 /* UploadService.swift in Sources */,
				1A9C19F11E090B3B00D4525D /* StandardHttpClient.swift in Sources */,
				1AFD23B81E26D4E90040B659 /* TaskAgentDelegate.swift in Sources */,
				1AFD22C81E1F389A0040B659 /* StandardPendingUploadsService.swift in Sources */,
				1AFD23B01E26D1630040B659 /* FiltersByFeedAgent.swift in Sources */,
				1AFD23B21E26D2310040B659 /* FeedAgent.swift in Sources */,
				1AFD23AC1E26D0B80040B659 /* TaskService.swift in Sources */,
				1A9C1A2B1E09218300D4525D /* HttpAuthenticationService.swift in Sources */,
				1A9C1A2D1E0921D700D4525D /* AuthenticationService.swift in Sources */,
				1AFD22BA1E1F26D10040B659 /* AyoAWSService.swift in Sources */,
				1AFD23BC1E26D5770040B659 /* TaskBackedFeedItemAgent.swift in Sources */,
				1AFD23BA1E26D5220040B659 /* TasksAgentDelegate.swift in Sources */,
				1AFD23AE1E26D1440040B659 /* TaskFeedAgent.swift in Sources */,
			);
			runOnlyForDeploymentPostprocessing = 0;
		};
		1A9C19D81E08F49700D4525D /* Sources */ = {
			isa = PBXSourcesBuildPhase;
			buildActionMask = 2147483647;
			files = (
				1A9C19E21E08F49700D4525D /* HiliteHttpTests.swift in Sources */,
			);
			runOnlyForDeploymentPostprocessing = 0;
		};
/* End PBXSourcesBuildPhase section */

/* Begin PBXTargetDependency section */
		1A9C19DF1E08F49700D4525D /* PBXTargetDependency */ = {
			isa = PBXTargetDependency;
			target = 1A9C19D21E08F49700D4525D /* HiliteHttp */;
			targetProxy = 1A9C19DE1E08F49700D4525D /* PBXContainerItemProxy */;
		};
/* End PBXTargetDependency section */

/* Begin XCBuildConfiguration section */
		1A9C19E51E08F49700D4525D /* Debug */ = {
			isa = XCBuildConfiguration;
			buildSettings = {
				ALWAYS_SEARCH_USER_PATHS = NO;
				CLANG_ANALYZER_NONNULL = YES;
				CLANG_CXX_LANGUAGE_STANDARD = "gnu++0x";
				CLANG_CXX_LIBRARY = "libc++";
				CLANG_ENABLE_MODULES = YES;
				CLANG_ENABLE_OBJC_ARC = YES;
				CLANG_WARN_BOOL_CONVERSION = YES;
				CLANG_WARN_CONSTANT_CONVERSION = YES;
				CLANG_WARN_DIRECT_OBJC_ISA_USAGE = YES_ERROR;
				CLANG_WARN_DOCUMENTATION_COMMENTS = YES;
				CLANG_WARN_EMPTY_BODY = YES;
				CLANG_WARN_ENUM_CONVERSION = YES;
				CLANG_WARN_INFINITE_RECURSION = YES;
				CLANG_WARN_INT_CONVERSION = YES;
				CLANG_WARN_OBJC_ROOT_CLASS = YES_ERROR;
				CLANG_WARN_SUSPICIOUS_MOVES = YES;
				CLANG_WARN_UNREACHABLE_CODE = YES;
				CLANG_WARN__DUPLICATE_METHOD_MATCH = YES;
				"CODE_SIGN_IDENTITY[sdk=iphoneos*]" = "iPhone Developer";
				COPY_PHASE_STRIP = NO;
				CURRENT_PROJECT_VERSION = 1;
				DEBUG_INFORMATION_FORMAT = dwarf;
				ENABLE_STRICT_OBJC_MSGSEND = YES;
				ENABLE_TESTABILITY = YES;
				GCC_C_LANGUAGE_STANDARD = gnu99;
				GCC_DYNAMIC_NO_PIC = NO;
				GCC_NO_COMMON_BLOCKS = YES;
				GCC_OPTIMIZATION_LEVEL = 0;
				GCC_PREPROCESSOR_DEFINITIONS = (
					"DEBUG=1",
					"$(inherited)",
				);
				GCC_WARN_64_TO_32_BIT_CONVERSION = YES;
				GCC_WARN_ABOUT_RETURN_TYPE = YES_ERROR;
				GCC_WARN_UNDECLARED_SELECTOR = YES;
				GCC_WARN_UNINITIALIZED_AUTOS = YES_AGGRESSIVE;
				GCC_WARN_UNUSED_FUNCTION = YES;
				GCC_WARN_UNUSED_VARIABLE = YES;
				IPHONEOS_DEPLOYMENT_TARGET = 10.1;
				MTL_ENABLE_DEBUG_INFO = YES;
				ONLY_ACTIVE_ARCH = YES;
				SDKROOT = iphoneos;
				SWIFT_ACTIVE_COMPILATION_CONDITIONS = DEBUG;
				SWIFT_OPTIMIZATION_LEVEL = "-Onone";
				TARGETED_DEVICE_FAMILY = "1,2";
				VERSIONING_SYSTEM = "apple-generic";
				VERSION_INFO_PREFIX = "";
			};
			name = Debug;
		};
		1A9C19E61E08F49700D4525D /* Release */ = {
			isa = XCBuildConfiguration;
			buildSettings = {
				ALWAYS_SEARCH_USER_PATHS = NO;
				CLANG_ANALYZER_NONNULL = YES;
				CLANG_CXX_LANGUAGE_STANDARD = "gnu++0x";
				CLANG_CXX_LIBRARY = "libc++";
				CLANG_ENABLE_MODULES = YES;
				CLANG_ENABLE_OBJC_ARC = YES;
				CLANG_WARN_BOOL_CONVERSION = YES;
				CLANG_WARN_CONSTANT_CONVERSION = YES;
				CLANG_WARN_DIRECT_OBJC_ISA_USAGE = YES_ERROR;
				CLANG_WARN_DOCUMENTATION_COMMENTS = YES;
				CLANG_WARN_EMPTY_BODY = YES;
				CLANG_WARN_ENUM_CONVERSION = YES;
				CLANG_WARN_INFINITE_RECURSION = YES;
				CLANG_WARN_INT_CONVERSION = YES;
				CLANG_WARN_OBJC_ROOT_CLASS = YES_ERROR;
				CLANG_WARN_SUSPICIOUS_MOVES = YES;
				CLANG_WARN_UNREACHABLE_CODE = YES;
				CLANG_WARN__DUPLICATE_METHOD_MATCH = YES;
				"CODE_SIGN_IDENTITY[sdk=iphoneos*]" = "iPhone Developer";
				COPY_PHASE_STRIP = NO;
				CURRENT_PROJECT_VERSION = 1;
				DEBUG_INFORMATION_FORMAT = "dwarf-with-dsym";
				ENABLE_NS_ASSERTIONS = NO;
				ENABLE_STRICT_OBJC_MSGSEND = YES;
				GCC_C_LANGUAGE_STANDARD = gnu99;
				GCC_NO_COMMON_BLOCKS = YES;
				GCC_WARN_64_TO_32_BIT_CONVERSION = YES;
				GCC_WARN_ABOUT_RETURN_TYPE = YES_ERROR;
				GCC_WARN_UNDECLARED_SELECTOR = YES;
				GCC_WARN_UNINITIALIZED_AUTOS = YES_AGGRESSIVE;
				GCC_WARN_UNUSED_FUNCTION = YES;
				GCC_WARN_UNUSED_VARIABLE = YES;
				IPHONEOS_DEPLOYMENT_TARGET = 10.1;
				MTL_ENABLE_DEBUG_INFO = NO;
				SDKROOT = iphoneos;
				SWIFT_OPTIMIZATION_LEVEL = "-Owholemodule";
				TARGETED_DEVICE_FAMILY = "1,2";
				VALIDATE_PRODUCT = YES;
				VERSIONING_SYSTEM = "apple-generic";
				VERSION_INFO_PREFIX = "";
			};
			name = Release;
		};
		1A9C19E81E08F49700D4525D /* Debug */ = {
			isa = XCBuildConfiguration;
			buildSettings = {
				APPLICATION_EXTENSION_API_ONLY = YES;
				CLANG_ENABLE_MODULES = YES;
				CODE_SIGN_IDENTITY = "";
				DEFINES_MODULE = YES;
				DEVELOPMENT_TEAM = 2YGXD93C2Y;
				DYLIB_COMPATIBILITY_VERSION = 1;
				DYLIB_CURRENT_VERSION = 1;
				DYLIB_INSTALL_NAME_BASE = "@rpath";
				INFOPLIST_FILE = HiliteHttp/Info.plist;
				INSTALL_PATH = "$(LOCAL_LIBRARY_DIR)/Frameworks";
				LD_RUNPATH_SEARCH_PATHS = "$(inherited) @executable_path/Frameworks @loader_path/Frameworks";
				PRODUCT_BUNDLE_IDENTIFIER = com.birdtree.HiliteHttp;
				PRODUCT_NAME = "$(TARGET_NAME)";
				SKIP_INSTALL = YES;
				SWIFT_OPTIMIZATION_LEVEL = "-Onone";
				SWIFT_VERSION = 3.0.1;
			};
			name = Debug;
		};
		1A9C19E91E08F49700D4525D /* Release */ = {
			isa = XCBuildConfiguration;
			buildSettings = {
				APPLICATION_EXTENSION_API_ONLY = YES;
				CLANG_ENABLE_MODULES = YES;
				CODE_SIGN_IDENTITY = "";
				DEFINES_MODULE = YES;
				DEVELOPMENT_TEAM = 2YGXD93C2Y;
				DYLIB_COMPATIBILITY_VERSION = 1;
				DYLIB_CURRENT_VERSION = 1;
				DYLIB_INSTALL_NAME_BASE = "@rpath";
				INFOPLIST_FILE = HiliteHttp/Info.plist;
				INSTALL_PATH = "$(LOCAL_LIBRARY_DIR)/Frameworks";
				LD_RUNPATH_SEARCH_PATHS = "$(inherited) @executable_path/Frameworks @loader_path/Frameworks";
				PRODUCT_BUNDLE_IDENTIFIER = com.birdtree.HiliteHttp;
				PRODUCT_NAME = "$(TARGET_NAME)";
				SKIP_INSTALL = YES;
				SWIFT_VERSION = 3.0.1;
			};
			name = Release;
		};
		1A9C19EB1E08F49700D4525D /* Debug */ = {
			isa = XCBuildConfiguration;
			buildSettings = {
				ALWAYS_EMBED_SWIFT_STANDARD_LIBRARIES = YES;
				DEVELOPMENT_TEAM = 2YGXD93C2Y;
				INFOPLIST_FILE = HiliteHttpTests/Info.plist;
				LD_RUNPATH_SEARCH_PATHS = "$(inherited) @executable_path/Frameworks @loader_path/Frameworks";
				PRODUCT_BUNDLE_IDENTIFIER = com.birdtree.HiliteHttpTests;
				PRODUCT_NAME = "$(TARGET_NAME)";
				SWIFT_VERSION = 3.0;
			};
			name = Debug;
		};
		1A9C19EC1E08F49700D4525D /* Release */ = {
			isa = XCBuildConfiguration;
			buildSettings = {
				ALWAYS_EMBED_SWIFT_STANDARD_LIBRARIES = YES;
				DEVELOPMENT_TEAM = 2YGXD93C2Y;
				INFOPLIST_FILE = HiliteHttpTests/Info.plist;
				LD_RUNPATH_SEARCH_PATHS = "$(inherited) @executable_path/Frameworks @loader_path/Frameworks";
				PRODUCT_BUNDLE_IDENTIFIER = com.birdtree.HiliteHttpTests;
				PRODUCT_NAME = "$(TARGET_NAME)";
				SWIFT_VERSION = 3.0;
			};
			name = Release;
		};
/* End XCBuildConfiguration section */

/* Begin XCConfigurationList section */
		1A9C19CD1E08F49700D4525D /* Build configuration list for PBXProject "HiliteHttp" */ = {
			isa = XCConfigurationList;
			buildConfigurations = (
				1A9C19E51E08F49700D4525D /* Debug */,
				1A9C19E61E08F49700D4525D /* Release */,
			);
			defaultConfigurationIsVisible = 0;
			defaultConfigurationName = Release;
		};
		1A9C19E71E08F49700D4525D /* Build configuration list for PBXNativeTarget "HiliteHttp" */ = {
			isa = XCConfigurationList;
			buildConfigurations = (
				1A9C19E81E08F49700D4525D /* Debug */,
				1A9C19E91E08F49700D4525D /* Release */,
			);
			defaultConfigurationIsVisible = 0;
			defaultConfigurationName = Release;
		};
		1A9C19EA1E08F49700D4525D /* Build configuration list for PBXNativeTarget "HiliteHttpTests" */ = {
			isa = XCConfigurationList;
			buildConfigurations = (
				1A9C19EB1E08F49700D4525D /* Debug */,
				1A9C19EC1E08F49700D4525D /* Release */,
			);
			defaultConfigurationIsVisible = 0;
			defaultConfigurationName = Release;
		};
/* End XCConfigurationList section */
	};
	rootObject = 1A9C19CA1E08F49700D4525D /* Project object */;
}
